
Microsoft Visual Studio Solution File, Format Version 12.00
# Visual Studio Version 16
VisualStudioVersion = 16.0.29709.97
MinimumVisualStudioVersion = 10.0.40219.1
Project("{FAE04EC0-301F-11D3-BF4B-00C04F79EFBC}") = "Geocoordinates", "Geocoordinates\Geocoordinates.csproj", "{EA0DB564-FAAF-4387-90DB-4420673F48ED}"
EndProject
Global
	GlobalSection(SolutionConfigurationPlatforms) = preSolution
		Debug|Any CPU = Debug|Any CPU
		Release|Any CPU = Release|Any CPU
	EndGlobalSection
	GlobalSection(ProjectConfigurationPlatforms) = postSolution
		{EA0DB564-FAAF-4387-90DB-4420673F48ED}.Debug|Any CPU.ActiveCfg = Debug|Any CPU
		{EA0DB564-FAAF-4387-90DB-4420673F48ED}.Debug|Any CPU.Build.0 = Debug|Any CPU
		{EA0DB564-FAAF-4387-90DB-4420673F48ED}.Release|Any CPU.ActiveCfg = Release|Any CPU
		{EA0DB564-FAAF-4387-90DB-4420673F48ED}.Release|Any CPU.Build.0 = Release|Any CPU
	EndGlobalSection
	GlobalSection(SolutionProperties) = preSolution
		HideSolutionNode = FALSE
	EndGlobalSection
	GlobalSection(ExtensibilityGlobals) = postSolution
		SolutionGuid = {EB0A6079-414C-4533-99B6-6FB73CB6DBB0}
	EndGlobalSection
EndGlobal
